
Microsoft Visual Studio Solution File, Format Version 12.00
# Visual Studio Version 16
VisualStudioVersion = 16.0.30804.86
MinimumVisualStudioVersion = 10.0.40219.1
Project("{FAE04EC0-301F-11D3-BF4B-00C04F79EFBC}") = "Hive.Endpoints.Server.API", "endpoints\Server\src\API\Hive.Endpoints.Server.API.csproj", "{B179D998-4273-41B2-986C-A09F00A9A29E}"
EndProject
Global
	GlobalSection(SolutionConfigurationPlatforms) = preSolution
		Debug|Any CPU = Debug|Any CPU
		Release|Any CPU = Release|Any CPU
	EndGlobalSection
	GlobalSection(ProjectConfigurationPlatforms) = postSolution
		{B179D998-4273-41B2-986C-A09F00A9A29E}.Debug|Any CPU.ActiveCfg = Debug|Any CPU
		{B179D998-4273-41B2-986C-A09F00A9A29E}.Debug|Any CPU.Build.0 = Debug|Any CPU
		{B179D998-4273-41B2-986C-A09F00A9A29E}.Release|Any CPU.ActiveCfg = Release|Any CPU
		{B179D998-4273-41B2-986C-A09F00A9A29E}.Release|Any CPU.Build.0 = Release|Any CPU
	EndGlobalSection
	GlobalSection(SolutionProperties) = preSolution
		HideSolutionNode = FALSE
	EndGlobalSection
	GlobalSection(ExtensibilityGlobals) = postSolution
		SolutionGuid = {4F74F089-7B3F-416F-91AC-55E29A1F91D1}
	EndGlobalSection
EndGlobal
